
Microsoft Visual Studio Solution File, Format Version 12.00
# Visual Studio Version 16
VisualStudioVersion = 16.0.30804.86
MinimumVisualStudioVersion = 10.0.40219.1
Project("{9A19103F-16F7-4668-BE54-9A1E7A4F7556}") = "BirdAPI", "BirdAPI\BirdAPI.csproj", "{8BB97A2C-F749-4B51-9ADC-A98E20D1B141}"
EndProject
Project("{9A19103F-16F7-4668-BE54-9A1E7A4F7556}") = "DAL", "DAL\DAL.csproj", "{DCFA8CA8-1690-44C6-B742-95E282C93E21}"
EndProject
Project("{9A19103F-16F7-4668-BE54-9A1E7A4F7556}") = "BLL", "BLL\BLL.csproj", "{A65EE71B-3F63-4BDB-A0C6-9B84020BF172}"
EndProject
Project("{FAE04EC0-301F-11D3-BF4B-00C04F79EFBC}") = "Test", "Test\Test.csproj", "{39FD52C8-8561-4E62-8AC9-05CA69A806C0}"
EndProject
Global
	GlobalSection(SolutionConfigurationPlatforms) = preSolution
		Debug|Any CPU = Debug|Any CPU
		Release|Any CPU = Release|Any CPU
	EndGlobalSection
	GlobalSection(ProjectConfigurationPlatforms) = postSolution
		{8BB97A2C-F749-4B51-9ADC-A98E20D1B141}.Debug|Any CPU.ActiveCfg = Debug|Any CPU
		{8BB97A2C-F749-4B51-9ADC-A98E20D1B141}.Debug|Any CPU.Build.0 = Debug|Any CPU
		{8BB97A2C-F749-4B51-9ADC-A98E20D1B141}.Release|Any CPU.ActiveCfg = Release|Any CPU
		{8BB97A2C-F749-4B51-9ADC-A98E20D1B141}.Release|Any CPU.Build.0 = Release|Any CPU
		{DCFA8CA8-1690-44C6-B742-95E282C93E21}.Debug|Any CPU.ActiveCfg = Debug|Any CPU
		{DCFA8CA8-1690-44C6-B742-95E282C93E21}.Debug|Any CPU.Build.0 = Debug|Any CPU
		{DCFA8CA8-1690-44C6-B742-95E282C93E21}.Release|Any CPU.ActiveCfg = Release|Any CPU
		{DCFA8CA8-1690-44C6-B742-95E282C93E21}.Release|Any CPU.Build.0 = Release|Any CPU
		{A65EE71B-3F63-4BDB-A0C6-9B84020BF172}.Debug|Any CPU.ActiveCfg = Debug|Any CPU
		{A65EE71B-3F63-4BDB-A0C6-9B84020BF172}.Debug|Any CPU.Build.0 = Debug|Any CPU
		{A65EE71B-3F63-4BDB-A0C6-9B84020BF172}.Release|Any CPU.ActiveCfg = Release|Any CPU
		{A65EE71B-3F63-4BDB-A0C6-9B84020BF172}.Release|Any CPU.Build.0 = Release|Any CPU
		{39FD52C8-8561-4E62-8AC9-05CA69A806C0}.Debug|Any CPU.ActiveCfg = Debug|Any CPU
		{39FD52C8-8561-4E62-8AC9-05CA69A806C0}.Debug|Any CPU.Build.0 = Debug|Any CPU
		{39FD52C8-8561-4E62-8AC9-05CA69A806C0}.Release|Any CPU.ActiveCfg = Release|Any CPU
		{39FD52C8-8561-4E62-8AC9-05CA69A806C0}.Release|Any CPU.Build.0 = Release|Any CPU
	EndGlobalSection
	GlobalSection(SolutionProperties) = preSolution
		HideSolutionNode = FALSE
	EndGlobalSection
	GlobalSection(ExtensibilityGlobals) = postSolution
		SolutionGuid = {88CE20EC-89EA-4A78-AEFF-602B8E351F1B}
	EndGlobalSection
EndGlobal
